
Microsoft Visual Studio Solution File, Format Version 12.00
# Visual Studio Version 17
VisualStudioVersion = 17.2.32526.322
MinimumVisualStudioVersion = 10.0.40219.1
Project("{FAE04EC0-301F-11D3-BF4B-00C04F79EFBC}") = "Test", "Test\Test.csproj", "{27C2D98F-8B38-452D-B73C-AC69030C8027}"
EndProject
Global
	GlobalSection(SolutionConfigurationPlatforms) = preSolution
		Debug|Any CPU = Debug|Any CPU
		Release|Any CPU = Release|Any CPU
	EndGlobalSection
	GlobalSection(ProjectConfigurationPlatforms) = postSolution
		{27C2D98F-8B38-452D-B73C-AC69030C8027}.Debug|Any CPU.ActiveCfg = Debug|Any CPU
		{27C2D98F-8B38-452D-B73C-AC69030C8027}.Debug|Any CPU.Build.0 = Debug|Any CPU
		{27C2D98F-8B38-452D-B73C-AC69030C8027}.Release|Any CPU.ActiveCfg = Release|Any CPU
		{27C2D98F-8B38-452D-B73C-AC69030C8027}.Release|Any CPU.Build.0 = Release|Any CPU
	EndGlobalSection
	GlobalSection(SolutionProperties) = preSolution
		HideSolutionNode = FALSE
	EndGlobalSection
	GlobalSection(ExtensibilityGlobals) = postSolution
		SolutionGuid = {EF14D8D3-9554-4623-B83F-A2975B007E6C}
	EndGlobalSection
EndGlobal
